
Microsoft Visual Studio Solution File, Format Version 12.00
# Visual Studio Version 17
VisualStudioVersion = 17.0.31512.422
MinimumVisualStudioVersion = 10.0.40219.1
Project("{9A19103F-16F7-4668-BE54-9A1E7A4F7556}") = "BlazorMusicCatalog", "BlazorMusicCatalog\BlazorMusicCatalog.csproj", "{DE226D7C-9A15-4A8B-B67A-32FE693950E6}"
EndProject
Project("{9A19103F-16F7-4668-BE54-9A1E7A4F7556}") = "BlazorMusicCatalog.Data", "BlazorMusicCatalog.Data\BlazorMusicCatalog.Data.csproj", "{F5D780BE-9683-4A79-9B86-87BF68E3D97B}"
EndProject
Project("{9A19103F-16F7-4668-BE54-9A1E7A4F7556}") = "BlazorMusicCatalog.Models", "BlazorMusicCatalog.Models\BlazorMusicCatalog.Models.csproj", "{B77766AD-5628-4E62-BC9F-A29321EB60E4}"
EndProject
Global
	GlobalSection(SolutionConfigurationPlatforms) = preSolution
		Debug|Any CPU = Debug|Any CPU
		Release|Any CPU = Release|Any CPU
	EndGlobalSection
	GlobalSection(ProjectConfigurationPlatforms) = postSolution
		{DE226D7C-9A15-4A8B-B67A-32FE693950E6}.Debug|Any CPU.ActiveCfg = Debug|Any CPU
		{DE226D7C-9A15-4A8B-B67A-32FE693950E6}.Debug|Any CPU.Build.0 = Debug|Any CPU
		{DE226D7C-9A15-4A8B-B67A-32FE693950E6}.Release|Any CPU.ActiveCfg = Release|Any CPU
		{DE226D7C-9A15-4A8B-B67A-32FE693950E6}.Release|Any CPU.Build.0 = Release|Any CPU
		{F5D780BE-9683-4A79-9B86-87BF68E3D97B}.Debug|Any CPU.ActiveCfg = Debug|Any CPU
		{F5D780BE-9683-4A79-9B86-87BF68E3D97B}.Debug|Any CPU.Build.0 = Debug|Any CPU
		{F5D780BE-9683-4A79-9B86-87BF68E3D97B}.Release|Any CPU.ActiveCfg = Release|Any CPU
		{F5D780BE-9683-4A79-9B86-87BF68E3D97B}.Release|Any CPU.Build.0 = Release|Any CPU
		{B77766AD-5628-4E62-BC9F-A29321EB60E4}.Debug|Any CPU.ActiveCfg = Debug|Any CPU
		{B77766AD-5628-4E62-BC9F-A29321EB60E4}.Debug|Any CPU.Build.0 = Debug|Any CPU
		{B77766AD-5628-4E62-BC9F-A29321EB60E4}.Release|Any CPU.ActiveCfg = Release|Any CPU
		{B77766AD-5628-4E62-BC9F-A29321EB60E4}.Release|Any CPU.Build.0 = Release|Any CPU
	EndGlobalSection
	GlobalSection(SolutionProperties) = preSolution
		HideSolutionNode = FALSE
	EndGlobalSection
	GlobalSection(ExtensibilityGlobals) = postSolution
		SolutionGuid = {6D5336FC-314C-48DD-9533-5B980ADDD613}
	EndGlobalSection
EndGlobal
